
Microsoft Visual Studio Solution File, Format Version 12.00
# Visual Studio 15
VisualStudioVersion = 15.0.28307.106
MinimumVisualStudioVersion = 10.0.40219.1
Project("{FAE04EC0-301F-11D3-BF4B-00C04F79EFBC}") = "ImportUsingRadioButton", "ImportUsingRadioButton\ImportUsingRadioButton.csproj", "{F3798D2B-14A2-4B36-9481-DDCDE78DDB01}"
EndProject
Global
	GlobalSection(SolutionConfigurationPlatforms) = preSolution
		Debug|Any CPU = Debug|Any CPU
		Release|Any CPU = Release|Any CPU
	EndGlobalSection
	GlobalSection(ProjectConfigurationPlatforms) = postSolution
		{F3798D2B-14A2-4B36-9481-DDCDE78DDB01}.Debug|Any CPU.ActiveCfg = Debug|Any CPU
		{F3798D2B-14A2-4B36-9481-DDCDE78DDB01}.Debug|Any CPU.Build.0 = Debug|Any CPU
		{F3798D2B-14A2-4B36-9481-DDCDE78DDB01}.Release|Any CPU.ActiveCfg = Release|Any CPU
		{F3798D2B-14A2-4B36-9481-DDCDE78DDB01}.Release|Any CPU.Build.0 = Release|Any CPU
	EndGlobalSection
	GlobalSection(SolutionProperties) = preSolution
		HideSolutionNode = FALSE
	EndGlobalSection
	GlobalSection(ExtensibilityGlobals) = postSolution
		SolutionGuid = {F6BE5175-BAC2-4BF3-9F18-EAD8F896EE47}
	EndGlobalSection
EndGlobal
